
Microsoft Visual Studio Solution File, Format Version 12.00
# Visual Studio Version 16
VisualStudioVersion = 16.0.31019.35
MinimumVisualStudioVersion = 15.0.26124.0
Project("{9A19103F-16F7-4668-BE54-9A1E7A4F7556}") = "Shopping.Client", "Shopping.Client\Shopping.Client.csproj", "{50463901-0080-4176-8D2B-99CBBC1FAA94}"
EndProject
Project("{9A19103F-16F7-4668-BE54-9A1E7A4F7556}") = "Shopping.API", "Shopping.API\Shopping.API.csproj", "{6C679573-1749-46F9-823A-675AF154D20F}"
EndProject
Project("{E53339B2-1760-4266-BCC7-CA923CBCF16C}") = "docker-compose", "docker-compose.dcproj", "{7245CE3D-B210-40EA-99DA-65A7E9A6E844}"
EndProject
Global
	GlobalSection(SolutionConfigurationPlatforms) = preSolution
		Debug|Any CPU = Debug|Any CPU
		Debug|x64 = Debug|x64
		Debug|x86 = Debug|x86
		Release|Any CPU = Release|Any CPU
		Release|x64 = Release|x64
		Release|x86 = Release|x86
	EndGlobalSection
	GlobalSection(ProjectConfigurationPlatforms) = postSolution
		{50463901-0080-4176-8D2B-99CBBC1FAA94}.Debug|Any CPU.ActiveCfg = Debug|Any CPU
		{50463901-0080-4176-8D2B-99CBBC1FAA94}.Debug|Any CPU.Build.0 = Debug|Any CPU
		{50463901-0080-4176-8D2B-99CBBC1FAA94}.Debug|x64.ActiveCfg = Debug|Any CPU
		{50463901-0080-4176-8D2B-99CBBC1FAA94}.Debug|x64.Build.0 = Debug|Any CPU
		{50463901-0080-4176-8D2B-99CBBC1FAA94}.Debug|x86.ActiveCfg = Debug|Any CPU
		{50463901-0080-4176-8D2B-99CBBC1FAA94}.Debug|x86.Build.0 = Debug|Any CPU
		{50463901-0080-4176-8D2B-99CBBC1FAA94}.Release|Any CPU.ActiveCfg = Release|Any CPU
		{50463901-0080-4176-8D2B-99CBBC1FAA94}.Release|Any CPU.Build.0 = Release|Any CPU
		{50463901-0080-4176-8D2B-99CBBC1FAA94}.Release|x64.ActiveCfg = Release|Any CPU
		{50463901-0080-4176-8D2B-99CBBC1FAA94}.Release|x64.Build.0 = Release|Any CPU
		{50463901-0080-4176-8D2B-99CBBC1FAA94}.Release|x86.ActiveCfg = Release|Any CPU
		{50463901-0080-4176-8D2B-99CBBC1FAA94}.Release|x86.Build.0 = Release|Any CPU
		{6C679573-1749-46F9-823A-675AF154D20F}.Debug|Any CPU.ActiveCfg = Debug|Any CPU
		{6C679573-1749-46F9-823A-675AF154D20F}.Debug|Any CPU.Build.0 = Debug|Any CPU
		{6C679573-1749-46F9-823A-675AF154D20F}.Debug|x64.ActiveCfg = Debug|Any CPU
		{6C679573-1749-46F9-823A-675AF154D20F}.Debug|x64.Build.0 = Debug|Any CPU
		{6C679573-1749-46F9-823A-675AF154D20F}.Debug|x86.ActiveCfg = Debug|Any CPU
		{6C679573-1749-46F9-823A-675AF154D20F}.Debug|x86.Build.0 = Debug|Any CPU
		{6C679573-1749-46F9-823A-675AF154D20F}.Release|Any CPU.ActiveCfg = Release|Any CPU
		{6C679573-1749-46F9-823A-675AF154D20F}.Release|Any CPU.Build.0 = Release|Any CPU
		{6C679573-1749-46F9-823A-675AF154D20F}.Release|x64.ActiveCfg = Release|Any CPU
		{6C679573-1749-46F9-823A-675AF154D20F}.Release|x64.Build.0 = Release|Any CPU
		{6C679573-1749-46F9-823A-675AF154D20F}.Release|x86.ActiveCfg = Release|Any CPU
		{6C679573-1749-46F9-823A-675AF154D20F}.Release|x86.Build.0 = Release|Any CPU
		{7245CE3D-B210-40EA-99DA-65A7E9A6E844}.Debug|Any CPU.ActiveCfg = Debug|Any CPU
		{7245CE3D-B210-40EA-99DA-65A7E9A6E844}.Debug|Any CPU.Build.0 = Debug|Any CPU
		{7245CE3D-B210-40EA-99DA-65A7E9A6E844}.Debug|x64.ActiveCfg = Debug|Any CPU
		{7245CE3D-B210-40EA-99DA-65A7E9A6E844}.Debug|x64.Build.0 = Debug|Any CPU
		{7245CE3D-B210-40EA-99DA-65A7E9A6E844}.Debug|x86.ActiveCfg = Debug|Any CPU
		{7245CE3D-B210-40EA-99DA-65A7E9A6E844}.Debug|x86.Build.0 = Debug|Any CPU
		{7245CE3D-B210-40EA-99DA-65A7E9A6E844}.Release|Any CPU.ActiveCfg = Release|Any CPU
		{7245CE3D-B210-40EA-99DA-65A7E9A6E844}.Release|Any CPU.Build.0 = Release|Any CPU
		{7245CE3D-B210-40EA-99DA-65A7E9A6E844}.Release|x64.ActiveCfg = Release|Any CPU
		{7245CE3D-B210-40EA-99DA-65A7E9A6E844}.Release|x64.Build.0 = Release|Any CPU
		{7245CE3D-B210-40EA-99DA-65A7E9A6E844}.Release|x86.ActiveCfg = Release|Any CPU
		{7245CE3D-B210-40EA-99DA-65A7E9A6E844}.Release|x86.Build.0 = Release|Any CPU
	EndGlobalSection
	GlobalSection(SolutionProperties) = preSolution
		HideSolutionNode = FALSE
	EndGlobalSection
	GlobalSection(ExtensibilityGlobals) = postSolution
		SolutionGuid = {2DD22F5C-6DED-467A-89C3-D392FA33B1A1}
	EndGlobalSection
EndGlobal
